
Microsoft Visual Studio Solution File, Format Version 12.00
# Visual Studio Version 17
VisualStudioVersion = 17.9.34728.123
MinimumVisualStudioVersion = 10.0.40219.1
Project("{FAE04EC0-301F-11D3-BF4B-00C04F79EFBC}") = "AnimeApp.Presentation", "AnimeApp\AnimeApp.Presentation.csproj", "{7A43CCCF-E2FC-42AE-A1CA-2C2D0804C124}"
EndProject
Project("{FAE04EC0-301F-11D3-BF4B-00C04F79EFBC}") = "AnimeApp.Domain", "AnimeApp.Domain\AnimeApp.Domain.csproj", "{1C390580-646D-4F61-B93B-FE0344C0E7D0}"
EndProject
Project("{FAE04EC0-301F-11D3-BF4B-00C04F79EFBC}") = "AnimeApp.Application", "AnimeApp.Application\AnimeApp.Application.csproj", "{A69D71A4-9CB9-4583-AC59-7765CF7DA060}"
EndProject
Project("{FAE04EC0-301F-11D3-BF4B-00C04F79EFBC}") = "AnimeApp.Infrastructure", "AnimeApp.Infrastructure\AnimeApp.Infrastructure.csproj", "{8737F1DF-5596-413E-9CD1-F2B5FF338BDB}"
EndProject
Global
	GlobalSection(SolutionConfigurationPlatforms) = preSolution
		Debug|Any CPU = Debug|Any CPU
		Release|Any CPU = Release|Any CPU
	EndGlobalSection
	GlobalSection(ProjectConfigurationPlatforms) = postSolution
		{7A43CCCF-E2FC-42AE-A1CA-2C2D0804C124}.Debug|Any CPU.ActiveCfg = Debug|Any CPU
		{7A43CCCF-E2FC-42AE-A1CA-2C2D0804C124}.Debug|Any CPU.Build.0 = Debug|Any CPU
		{7A43CCCF-E2FC-42AE-A1CA-2C2D0804C124}.Release|Any CPU.ActiveCfg = Release|Any CPU
		{7A43CCCF-E2FC-42AE-A1CA-2C2D0804C124}.Release|Any CPU.Build.0 = Release|Any CPU
		{1C390580-646D-4F61-B93B-FE0344C0E7D0}.Debug|Any CPU.ActiveCfg = Debug|Any CPU
		{1C390580-646D-4F61-B93B-FE0344C0E7D0}.Debug|Any CPU.Build.0 = Debug|Any CPU
		{1C390580-646D-4F61-B93B-FE0344C0E7D0}.Release|Any CPU.ActiveCfg = Release|Any CPU
		{1C390580-646D-4F61-B93B-FE0344C0E7D0}.Release|Any CPU.Build.0 = Release|Any CPU
		{A69D71A4-9CB9-4583-AC59-7765CF7DA060}.Debug|Any CPU.ActiveCfg = Debug|Any CPU
		{A69D71A4-9CB9-4583-AC59-7765CF7DA060}.Debug|Any CPU.Build.0 = Debug|Any CPU
		{A69D71A4-9CB9-4583-AC59-7765CF7DA060}.Release|Any CPU.ActiveCfg = Release|Any CPU
		{A69D71A4-9CB9-4583-AC59-7765CF7DA060}.Release|Any CPU.Build.0 = Release|Any CPU
		{8737F1DF-5596-413E-9CD1-F2B5FF338BDB}.Debug|Any CPU.ActiveCfg = Debug|Any CPU
		{8737F1DF-5596-413E-9CD1-F2B5FF338BDB}.Debug|Any CPU.Build.0 = Debug|Any CPU
		{8737F1DF-5596-413E-9CD1-F2B5FF338BDB}.Release|Any CPU.ActiveCfg = Release|Any CPU
		{8737F1DF-5596-413E-9CD1-F2B5FF338BDB}.Release|Any CPU.Build.0 = Release|Any CPU
	EndGlobalSection
	GlobalSection(SolutionProperties) = preSolution
		HideSolutionNode = FALSE
	EndGlobalSection
	GlobalSection(ExtensibilityGlobals) = postSolution
		SolutionGuid = {A760F6D8-F563-4144-91A9-D085536DB5AA}
	EndGlobalSection
EndGlobal
